
Microsoft Visual Studio Solution File, Format Version 12.00
# Visual Studio Version 16
VisualStudioVersion = 16.0.29806.167
MinimumVisualStudioVersion = 10.0.40219.1
Project("{9A19103F-16F7-4668-BE54-9A1E7A4F7556}") = "HwInfoWorker.Infrastructure", "HwInfoWorker.Infrastructure\HwInfoWorker.Infrastructure.csproj", "{5C360EE2-AACF-486F-B2DF-9D3123254D99}"
EndProject
Project("{9A19103F-16F7-4668-BE54-9A1E7A4F7556}") = "HwInfoWorker.Domain", "HwInfoWorker.Domain\HwInfoWorker.Domain.csproj", "{2B7FBB26-9E77-4053-8329-3D8F403A915C}"
EndProject
Project("{9A19103F-16F7-4668-BE54-9A1E7A4F7556}") = "HwInfoWorker", "HwInfoWorker\HwInfoWorker.csproj", "{2CFFCF5E-084C-4734-A687-0BADD606E84F}"
EndProject
Project("{9A19103F-16F7-4668-BE54-9A1E7A4F7556}") = "HwInfoWorker.Shared", "HwInfoWorker.Shared\HwInfoWorker.Shared.csproj", "{52558D05-CF12-4AFC-BB70-D658D4C40DDC}"
EndProject
Project("{2150E333-8FDC-42A3-9474-1A3956D46DE8}") = "Root", "Root", "{22BB710B-912E-4697-A6E9-9A9D6357D609}"
	ProjectSection(SolutionItems) = preProject
		..\.gitignore = ..\.gitignore
		..\build-service.ps1 = ..\build-service.ps1
		..\install-service.ps1 = ..\install-service.ps1
		..\README.md = ..\README.md
		..\start-service.ps1 = ..\start-service.ps1
		..\stop-service.ps1 = ..\stop-service.ps1
		..\uninstall-service.ps1 = ..\uninstall-service.ps1
	EndProjectSection
EndProject
Global
	GlobalSection(SolutionConfigurationPlatforms) = preSolution
		Debug|Any CPU = Debug|Any CPU
		Release|Any CPU = Release|Any CPU
	EndGlobalSection
	GlobalSection(ProjectConfigurationPlatforms) = postSolution
		{5C360EE2-AACF-486F-B2DF-9D3123254D99}.Debug|Any CPU.ActiveCfg = Debug|Any CPU
		{5C360EE2-AACF-486F-B2DF-9D3123254D99}.Debug|Any CPU.Build.0 = Debug|Any CPU
		{5C360EE2-AACF-486F-B2DF-9D3123254D99}.Release|Any CPU.ActiveCfg = Release|Any CPU
		{5C360EE2-AACF-486F-B2DF-9D3123254D99}.Release|Any CPU.Build.0 = Release|Any CPU
		{2B7FBB26-9E77-4053-8329-3D8F403A915C}.Debug|Any CPU.ActiveCfg = Debug|Any CPU
		{2B7FBB26-9E77-4053-8329-3D8F403A915C}.Debug|Any CPU.Build.0 = Debug|Any CPU
		{2B7FBB26-9E77-4053-8329-3D8F403A915C}.Release|Any CPU.ActiveCfg = Release|Any CPU
		{2B7FBB26-9E77-4053-8329-3D8F403A915C}.Release|Any CPU.Build.0 = Release|Any CPU
		{2CFFCF5E-084C-4734-A687-0BADD606E84F}.Debug|Any CPU.ActiveCfg = Debug|Any CPU
		{2CFFCF5E-084C-4734-A687-0BADD606E84F}.Debug|Any CPU.Build.0 = Debug|Any CPU
		{2CFFCF5E-084C-4734-A687-0BADD606E84F}.Release|Any CPU.ActiveCfg = Release|Any CPU
		{2CFFCF5E-084C-4734-A687-0BADD606E84F}.Release|Any CPU.Build.0 = Release|Any CPU
		{52558D05-CF12-4AFC-BB70-D658D4C40DDC}.Debug|Any CPU.ActiveCfg = Debug|Any CPU
		{52558D05-CF12-4AFC-BB70-D658D4C40DDC}.Debug|Any CPU.Build.0 = Debug|Any CPU
		{52558D05-CF12-4AFC-BB70-D658D4C40DDC}.Release|Any CPU.ActiveCfg = Release|Any CPU
		{52558D05-CF12-4AFC-BB70-D658D4C40DDC}.Release|Any CPU.Build.0 = Release|Any CPU
	EndGlobalSection
	GlobalSection(SolutionProperties) = preSolution
		HideSolutionNode = FALSE
	EndGlobalSection
	GlobalSection(ExtensibilityGlobals) = postSolution
		SolutionGuid = {CF44B798-8EE9-4FC5-AE3C-F8FEAA91F932}
	EndGlobalSection
EndGlobal
